// !$*UTF8*$!
{
	archiveVersion = 1;
	classes = {
	};
	objectVersion = 56;
	objects = {

/* Begin PBXBuildFile section */
		E93498432C55D05D0034B0DF /* ReactionPickerView.swift in Sources */ = {isa = PBXBuildFile; fileRef = E93498422C55D05D0034B0DF /* ReactionPickerView.swift */; };
		E93498452C56664A0034B0DF /* MessageMenuView.swift in Sources */ = {isa = PBXBuildFile; fileRef = E93498442C56664A0034B0DF /* MessageMenuView.swift */; };
		E952060E2C1ED83B006B4F03 /* ChatRoomViewModel.swift in Sources */ = {isa = PBXBuildFile; fileRef = E952060D2C1ED83B006B4F03 /* ChatRoomViewModel.swift */; };
		E95206102C1EDA04006B4F03 /* MessageService.swift in Sources */ = {isa = PBXBuildFile; fileRef = E952060F2C1EDA04006B4F03 /* MessageService.swift */; };
		E95206142C203D28006B4F03 /* ChannelCreationTextView.swift in Sources */ = {isa = PBXBuildFile; fileRef = E95206132C203D28006B4F03 /* ChannelCreationTextView.swift */; };
		E95206162C203FD8006B4F03 /* AdminMessageTextView.swift in Sources */ = {isa = PBXBuildFile; fileRef = E95206152C203FD8006B4F03 /* AdminMessageTextView.swift */; };
		E95206192C2061E7006B4F03 /* Kingfisher in Frameworks */ = {isa = PBXBuildFile; productRef = E95206182C2061E7006B4F03 /* Kingfisher */; };
		E952061C2C206245006B4F03 /* CircularProfileImageView.swift in Sources */ = {isa = PBXBuildFile; fileRef = E952061B2C206245006B4F03 /* CircularProfileImageView.swift */; };
		E952061E2C206B96006B4F03 /* Date+Extensions.swift in Sources */ = {isa = PBXBuildFile; fileRef = E952061D2C206B96006B4F03 /* Date+Extensions.swift */; };
		E95206202C213611006B4F03 /* MediaAttachmentPreview.swift in Sources */ = {isa = PBXBuildFile; fileRef = E952061F2C213611006B4F03 /* MediaAttachmentPreview.swift */; };
		E95206242C214B88006B4F03 /* PhotosPickerItem+Extensions.swift in Sources */ = {isa = PBXBuildFile; fileRef = E95206232C214B88006B4F03 /* PhotosPickerItem+Extensions.swift */; };
		E95206262C214D16006B4F03 /* MediaPickerItem+Types.swift in Sources */ = {isa = PBXBuildFile; fileRef = E95206252C214D16006B4F03 /* MediaPickerItem+Types.swift */; };
		E95206282C21508A006B4F03 /* URL+Extensions.swift in Sources */ = {isa = PBXBuildFile; fileRef = E95206272C21508A006B4F03 /* URL+Extensions.swift */; };
		E952062A2C21994D006B4F03 /* MediaPlayerView.swift in Sources */ = {isa = PBXBuildFile; fileRef = E95206292C21994D006B4F03 /* MediaPlayerView.swift */; };
		E952062C2C227A15006B4F03 /* VoiceRecorderService.swift in Sources */ = {isa = PBXBuildFile; fileRef = E952062B2C227A15006B4F03 /* VoiceRecorderService.swift */; };
		E952062E2C228DFE006B4F03 /* TimeInterval+Extensions.swift in Sources */ = {isa = PBXBuildFile; fileRef = E952062D2C228DFE006B4F03 /* TimeInterval+Extensions.swift */; };
		E95206302C229525006B4F03 /* FirebaseHelper.swift in Sources */ = {isa = PBXBuildFile; fileRef = E952062F2C229525006B4F03 /* FirebaseHelper.swift */; };
		E95206322C23D6A9006B4F03 /* UIApplication+Extensions.swift in Sources */ = {isa = PBXBuildFile; fileRef = E95206312C23D6A9006B4F03 /* UIApplication+Extensions.swift */; };
		E95206342C23D892006B4F03 /* UIWindowScene+Extensions.swift in Sources */ = {isa = PBXBuildFile; fileRef = E95206332C23D892006B4F03 /* UIWindowScene+Extensions.swift */; };
		E95206372C264FA3006B4F03 /* VoiceMessagePlayer.swift in Sources */ = {isa = PBXBuildFile; fileRef = E95206362C264FA3006B4F03 /* VoiceMessagePlayer.swift */; };
		E95F273B2C7A071D00ACE42E /* MessageReactionView.swift in Sources */ = {isa = PBXBuildFile; fileRef = E95F273A2C7A071D00ACE42E /* MessageReactionView.swift */; };
		E97C8C7D2C311B0200B5C052 /* Haptic.swift in Sources */ = {isa = PBXBuildFile; fileRef = E97C8C7C2C311B0200B5C052 /* Haptic.swift */; };
		E9BDE6122C128CB200B5AC40 /* WhatsAppCloneApp.swift in Sources */ = {isa = PBXBuildFile; fileRef = E9BDE6112C128CB200B5AC40 /* WhatsAppCloneApp.swift */; };
		E9BDE6162C128CB300B5AC40 /* Assets.xcassets in Resources */ = {isa = PBXBuildFile; fileRef = E9BDE6152C128CB300B5AC40 /* Assets.xcassets */; };
		E9BDE6192C128CB300B5AC40 /* Preview Assets.xcassets in Resources */ = {isa = PBXBuildFile; fileRef = E9BDE6182C128CB300B5AC40 /* Preview Assets.xcassets */; };
		E9BDE6202C128DAE00B5AC40 /* MainTabView.swift in Sources */ = {isa = PBXBuildFile; fileRef = E9BDE61F2C128DAE00B5AC40 /* MainTabView.swift */; };
		E9BDE6222C12A4CF00B5AC40 /* UpdatesTabScreen.swift in Sources */ = {isa = PBXBuildFile; fileRef = E9BDE6212C12A4CF00B5AC40 /* UpdatesTabScreen.swift */; };
		E9BDE6262C12BCF100B5AC40 /* CallsTabScreen.swift in Sources */ = {isa = PBXBuildFile; fileRef = E9BDE6252C12BCF100B5AC40 /* CallsTabScreen.swift */; };
		E9BDE6322C13018500B5AC40 /* CommunityTabScreen.swift in Sources */ = {isa = PBXBuildFile; fileRef = E9BDE6312C13018500B5AC40 /* CommunityTabScreen.swift */; };
		E9BDE6352C13E96E00B5AC40 /* ChannelTabScreen.swift in Sources */ = {isa = PBXBuildFile; fileRef = E9BDE6342C13E96E00B5AC40 /* ChannelTabScreen.swift */; };
		E9BDE6372C13EF4100B5AC40 /* ChannelItemView.swift in Sources */ = {isa = PBXBuildFile; fileRef = E9BDE6362C13EF4100B5AC40 /* ChannelItemView.swift */; };
		E9BDE63A2C13FCA200B5AC40 /* SettingsTabScreen.swift in Sources */ = {isa = PBXBuildFile; fileRef = E9BDE6392C13FCA200B5AC40 /* SettingsTabScreen.swift */; };
		E9BDE63C2C13FD3C00B5AC40 /* SettingsItemView.swift in Sources */ = {isa = PBXBuildFile; fileRef = E9BDE63B2C13FD3C00B5AC40 /* SettingsItemView.swift */; };
		E9BDE63F2C13FE4500B5AC40 /* SettingsItem.swift in Sources */ = {isa = PBXBuildFile; fileRef = E9BDE63E2C13FE4500B5AC40 /* SettingsItem.swift */; };
		E9BDE6432C140E8900B5AC40 /* ChatRoomScreen.swift in Sources */ = {isa = PBXBuildFile; fileRef = E9BDE6422C140E8900B5AC40 /* ChatRoomScreen.swift */; };
		E9BDE6452C14134500B5AC40 /* TextInputArea.swift in Sources */ = {isa = PBXBuildFile; fileRef = E9BDE6442C14134500B5AC40 /* TextInputArea.swift */; };
		E9BDE6472C141BB600B5AC40 /* MessageListController.swift in Sources */ = {isa = PBXBuildFile; fileRef = E9BDE6462C141BB600B5AC40 /* MessageListController.swift */; };
		E9BDE6492C142A3400B5AC40 /* MessageListView.swift in Sources */ = {isa = PBXBuildFile; fileRef = E9BDE6482C142A3400B5AC40 /* MessageListView.swift */; };
		E9BDE64C2C14498F00B5AC40 /* MessageItem.swift in Sources */ = {isa = PBXBuildFile; fileRef = E9BDE64B2C14498F00B5AC40 /* MessageItem.swift */; };
		E9BDE64E2C144AEA00B5AC40 /* BubbleTextView.swift in Sources */ = {isa = PBXBuildFile; fileRef = E9BDE64D2C144AEA00B5AC40 /* BubbleTextView.swift */; };
		E9BDE6502C144BF100B5AC40 /* BubbleTailView.swift in Sources */ = {isa = PBXBuildFile; fileRef = E9BDE64F2C144BF100B5AC40 /* BubbleTailView.swift */; };
		E9BDE6532C144E4900B5AC40 /* CustomModifers.swift in Sources */ = {isa = PBXBuildFile; fileRef = E9BDE6522C144E4900B5AC40 /* CustomModifers.swift */; };
		E9BDE6552C154D9100B5AC40 /* BubbleImageView.swift in Sources */ = {isa = PBXBuildFile; fileRef = E9BDE6542C154D9100B5AC40 /* BubbleImageView.swift */; };
		E9BDE6572C1557D800B5AC40 /* BubbleAudioView.swift in Sources */ = {isa = PBXBuildFile; fileRef = E9BDE6562C1557D800B5AC40 /* BubbleAudioView.swift */; };
		E9BDE65A2C1570D800B5AC40 /* FirebaseAuth in Frameworks */ = {isa = PBXBuildFile; productRef = E9BDE6592C1570D800B5AC40 /* FirebaseAuth */; };
		E9BDE65C2C1570D800B5AC40 /* FirebaseDatabase in Frameworks */ = {isa = PBXBuildFile; productRef = E9BDE65B2C1570D800B5AC40 /* FirebaseDatabase */; };
		E9BDE65E2C1570D800B5AC40 /* FirebaseDatabaseSwift in Frameworks */ = {isa = PBXBuildFile; productRef = E9BDE65D2C1570D800B5AC40 /* FirebaseDatabaseSwift */; };
		E9BDE6602C1570D800B5AC40 /* FirebaseMessaging in Frameworks */ = {isa = PBXBuildFile; productRef = E9BDE65F2C1570D800B5AC40 /* FirebaseMessaging */; };
		E9BDE6622C1570D800B5AC40 /* FirebaseStorage in Frameworks */ = {isa = PBXBuildFile; productRef = E9BDE6612C1570D800B5AC40 /* FirebaseStorage */; };
		E9BDE6682C15CD4800B5AC40 /* LoginScreen.swift in Sources */ = {isa = PBXBuildFile; fileRef = E9BDE6672C15CD4800B5AC40 /* LoginScreen.swift */; };
		E9BDE66A2C15CEBC00B5AC40 /* AuthHeaderView.swift in Sources */ = {isa = PBXBuildFile; fileRef = E9BDE6692C15CEBC00B5AC40 /* AuthHeaderView.swift */; };
		E9BDE66C2C15D03900B5AC40 /* AuthTextField.swift in Sources */ = {isa = PBXBuildFile; fileRef = E9BDE66B2C15D03900B5AC40 /* AuthTextField.swift */; };
		E9BDE66E2C15D6A800B5AC40 /* AuthButton.swift in Sources */ = {isa = PBXBuildFile; fileRef = E9BDE66D2C15D6A800B5AC40 /* AuthButton.swift */; };
		E9BDE6702C15DE3D00B5AC40 /* SignUpScreen.swift in Sources */ = {isa = PBXBuildFile; fileRef = E9BDE66F2C15DE3D00B5AC40 /* SignUpScreen.swift */; };
		E9BDE6732C15E28A00B5AC40 /* AuthScreenViewModel.swift in Sources */ = {isa = PBXBuildFile; fileRef = E9BDE6722C15E28A00B5AC40 /* AuthScreenViewModel.swift */; };
		E9BDE6762C1681F200B5AC40 /* AuthProvider.swift in Sources */ = {isa = PBXBuildFile; fileRef = E9BDE6752C1681F200B5AC40 /* AuthProvider.swift */; };
		E9BDE6782C168AD800B5AC40 /* GoogleService-Info.plist in Resources */ = {isa = PBXBuildFile; fileRef = E9BDE6772C168AD800B5AC40 /* GoogleService-Info.plist */; };
		E9BDE67C2C16962200B5AC40 /* RootScreen.swift in Sources */ = {isa = PBXBuildFile; fileRef = E9BDE67B2C16962200B5AC40 /* RootScreen.swift */; };
		E9BDE67F2C16964B00B5AC40 /* RootScreenViewModel.swift in Sources */ = {isa = PBXBuildFile; fileRef = E9BDE67E2C16964B00B5AC40 /* RootScreenViewModel.swift */; };
		E9BDE6822C16A25800B5AC40 /* UserItem.swift in Sources */ = {isa = PBXBuildFile; fileRef = E9BDE6812C16A25800B5AC40 /* UserItem.swift */; };
		E9BDE6852C16A2C700B5AC40 /* FirebaseConstants.swift in Sources */ = {isa = PBXBuildFile; fileRef = E9BDE6842C16A2C700B5AC40 /* FirebaseConstants.swift */; };
		E9BDE6872C16E4F400B5AC40 /* ChatParticipantPickerScreen.swift in Sources */ = {isa = PBXBuildFile; fileRef = E9BDE6862C16E4F400B5AC40 /* ChatParticipantPickerScreen.swift */; };
		E9BDE6892C16E7BF00B5AC40 /* ChatParticipantRowView.swift in Sources */ = {isa = PBXBuildFile; fileRef = E9BDE6882C16E7BF00B5AC40 /* ChatParticipantRowView.swift */; };
		E9BDE68C2C17097400B5AC40 /* ChatParticipantPickerViewModel.swift in Sources */ = {isa = PBXBuildFile; fileRef = E9BDE68B2C17097400B5AC40 /* ChatParticipantPickerViewModel.swift */; };
		E9BDE68E2C170BDB00B5AC40 /* GroupParticipantPickerScreen.swift in Sources */ = {isa = PBXBuildFile; fileRef = E9BDE68D2C170BDB00B5AC40 /* GroupParticipantPickerScreen.swift */; };
		E9BDE6902C17237000B5AC40 /* SelectedChatParticipantView.swift in Sources */ = {isa = PBXBuildFile; fileRef = E9BDE68F2C17237000B5AC40 /* SelectedChatParticipantView.swift */; };
		E9BDE6922C17363800B5AC40 /* NewGroupSetUpScreen.swift in Sources */ = {isa = PBXBuildFile; fileRef = E9BDE6912C17363800B5AC40 /* NewGroupSetUpScreen.swift */; };
		E9BDE6952C17EAB300B5AC40 /* UserService.swift in Sources */ = {isa = PBXBuildFile; fileRef = E9BDE6942C17EAB300B5AC40 /* UserService.swift */; };
		E9BDE6982C19529400B5AC40 /* ChannelItem.swift in Sources */ = {isa = PBXBuildFile; fileRef = E9BDE6972C19529400B5AC40 /* ChannelItem.swift */; };
		E9BDE69A2C19559000B5AC40 /* ChannelTabViewModel.swift in Sources */ = {isa = PBXBuildFile; fileRef = E9BDE6992C19559000B5AC40 /* ChannelTabViewModel.swift */; };
		E9BDE69D2C1AA7D500B5AC40 /* String+Extensions.swift in Sources */ = {isa = PBXBuildFile; fileRef = E9BDE69C2C1AA7D500B5AC40 /* String+Extensions.swift */; };
		E9BDE6A02C1B1ED300B5AC40 /* MessageItem+Types.swift in Sources */ = {isa = PBXBuildFile; fileRef = E9BDE69F2C1B1ED300B5AC40 /* MessageItem+Types.swift */; };
		E9DB8E4F2C4FC26800157AEF /* SettingsTabViewModel.swift in Sources */ = {isa = PBXBuildFile; fileRef = E9DB8E4E2C4FC26800157AEF /* SettingsTabViewModel.swift */; };
		E9DE56862C50AA140020D0AF /* AlertKit in Frameworks */ = {isa = PBXBuildFile; productRef = E9DE56852C50AA140020D0AF /* AlertKit */; };
		E9EEF1352C39564A0084304A /* BubbleView.swift in Sources */ = {isa = PBXBuildFile; fileRef = E9EEF1342C39564A0084304A /* BubbleView.swift */; };
/* End PBXBuildFile section */

/* Begin PBXFileReference section */
		E93498422C55D05D0034B0DF /* ReactionPickerView.swift */ = {isa = PBXFileReference; lastKnownFileType = sourcecode.swift; path = ReactionPickerView.swift; sourceTree = "<group>"; };
		E93498442C56664A0034B0DF /* MessageMenuView.swift */ = {isa = PBXFileReference; lastKnownFileType = sourcecode.swift; path = MessageMenuView.swift; sourceTree = "<group>"; };
		E952060D2C1ED83B006B4F03 /* ChatRoomViewModel.swift */ = {isa = PBXFileReference; lastKnownFileType = sourcecode.swift; path = ChatRoomViewModel.swift; sourceTree = "<group>"; };
		E952060F2C1EDA04006B4F03 /* MessageService.swift */ = {isa = PBXFileReference; lastKnownFileType = sourcecode.swift; path = MessageService.swift; sourceTree = "<group>"; };
		E95206132C203D28006B4F03 /* ChannelCreationTextView.swift */ = {isa = PBXFileReference; lastKnownFileType = sourcecode.swift; path = ChannelCreationTextView.swift; sourceTree = "<group>"; };
		E95206152C203FD8006B4F03 /* AdminMessageTextView.swift */ = {isa = PBXFileReference; lastKnownFileType = sourcecode.swift; path = AdminMessageTextView.swift; sourceTree = "<group>"; };
		E952061B2C206245006B4F03 /* CircularProfileImageView.swift */ = {isa = PBXFileReference; lastKnownFileType = sourcecode.swift; path = CircularProfileImageView.swift; sourceTree = "<group>"; };
		E952061D2C206B96006B4F03 /* Date+Extensions.swift */ = {isa = PBXFileReference; lastKnownFileType = sourcecode.swift; path = "Date+Extensions.swift"; sourceTree = "<group>"; };
		E952061F2C213611006B4F03 /* MediaAttachmentPreview.swift */ = {isa = PBXFileReference; lastKnownFileType = sourcecode.swift; path = MediaAttachmentPreview.swift; sourceTree = "<group>"; };
		E95206232C214B88006B4F03 /* PhotosPickerItem+Extensions.swift */ = {isa = PBXFileReference; lastKnownFileType = sourcecode.swift; path = "PhotosPickerItem+Extensions.swift"; sourceTree = "<group>"; };
		E95206252C214D16006B4F03 /* MediaPickerItem+Types.swift */ = {isa = PBXFileReference; lastKnownFileType = sourcecode.swift; path = "MediaPickerItem+Types.swift"; sourceTree = "<group>"; };
		E95206272C21508A006B4F03 /* URL+Extensions.swift */ = {isa = PBXFileReference; lastKnownFileType = sourcecode.swift; path = "URL+Extensions.swift"; sourceTree = "<group>"; };
		E95206292C21994D006B4F03 /* MediaPlayerView.swift */ = {isa = PBXFileReference; lastKnownFileType = sourcecode.swift; path = MediaPlayerView.swift; sourceTree = "<group>"; };
		E952062B2C227A15006B4F03 /* VoiceRecorderService.swift */ = {isa = PBXFileReference; lastKnownFileType = sourcecode.swift; path = VoiceRecorderService.swift; sourceTree = "<group>"; };
		E952062D2C228DFE006B4F03 /* TimeInterval+Extensions.swift */ = {isa = PBXFileReference; lastKnownFileType = sourcecode.swift; path = "TimeInterval+Extensions.swift"; sourceTree = "<group>"; };
		E952062F2C229525006B4F03 /* FirebaseHelper.swift */ = {isa = PBXFileReference; lastKnownFileType = sourcecode.swift; path = FirebaseHelper.swift; sourceTree = "<group>"; };
		E95206312C23D6A9006B4F03 /* UIApplication+Extensions.swift */ = {isa = PBXFileReference; lastKnownFileType = sourcecode.swift; path = "UIApplication+Extensions.swift"; sourceTree = "<group>"; };
		E95206332C23D892006B4F03 /* UIWindowScene+Extensions.swift */ = {isa = PBXFileReference; lastKnownFileType = sourcecode.swift; path = "UIWindowScene+Extensions.swift"; sourceTree = "<group>"; };
		E95206352C240754006B4F03 /* README.md */ = {isa = PBXFileReference; lastKnownFileType = net.daringfireball.markdown; path = README.md; sourceTree = "<group>"; };
		E95206362C264FA3006B4F03 /* VoiceMessagePlayer.swift */ = {isa = PBXFileReference; lastKnownFileType = sourcecode.swift; path = VoiceMessagePlayer.swift; sourceTree = "<group>"; };
		E95F273A2C7A071D00ACE42E /* MessageReactionView.swift */ = {isa = PBXFileReference; lastKnownFileType = sourcecode.swift; path = MessageReactionView.swift; sourceTree = "<group>"; };
		E97C8C7C2C311B0200B5C052 /* Haptic.swift */ = {isa = PBXFileReference; lastKnownFileType = sourcecode.swift; path = Haptic.swift; sourceTree = "<group>"; };
		E9BDE60E2C128CB200B5AC40 /* WhatsAppClone.app */ = {isa = PBXFileReference; explicitFileType = wrapper.application; includeInIndex = 0; path = WhatsAppClone.app; sourceTree = BUILT_PRODUCTS_DIR; };
		E9BDE6112C128CB200B5AC40 /* WhatsAppCloneApp.swift */ = {isa = PBXFileReference; lastKnownFileType = sourcecode.swift; path = WhatsAppCloneApp.swift; sourceTree = "<group>"; };
		E9BDE6152C128CB300B5AC40 /* Assets.xcassets */ = {isa = PBXFileReference; lastKnownFileType = folder.assetcatalog; path = Assets.xcassets; sourceTree = "<group>"; };
		E9BDE6182C128CB300B5AC40 /* Preview Assets.xcassets */ = {isa = PBXFileReference; lastKnownFileType = folder.assetcatalog; path = "Preview Assets.xcassets"; sourceTree = "<group>"; };
		E9BDE61F2C128DAE00B5AC40 /* MainTabView.swift */ = {isa = PBXFileReference; lastKnownFileType = sourcecode.swift; path = MainTabView.swift; sourceTree = "<group>"; };
		E9BDE6212C12A4CF00B5AC40 /* UpdatesTabScreen.swift */ = {isa = PBXFileReference; lastKnownFileType = sourcecode.swift; path = UpdatesTabScreen.swift; sourceTree = "<group>"; };
		E9BDE6252C12BCF100B5AC40 /* CallsTabScreen.swift */ = {isa = PBXFileReference; lastKnownFileType = sourcecode.swift; path = CallsTabScreen.swift; sourceTree = "<group>"; };
		E9BDE6312C13018500B5AC40 /* CommunityTabScreen.swift */ = {isa = PBXFileReference; lastKnownFileType = sourcecode.swift; path = CommunityTabScreen.swift; sourceTree = "<group>"; };
		E9BDE6342C13E96E00B5AC40 /* ChannelTabScreen.swift */ = {isa = PBXFileReference; lastKnownFileType = sourcecode.swift; path = ChannelTabScreen.swift; sourceTree = "<group>"; };
		E9BDE6362C13EF4100B5AC40 /* ChannelItemView.swift */ = {isa = PBXFileReference; lastKnownFileType = sourcecode.swift; path = ChannelItemView.swift; sourceTree = "<group>"; };
		E9BDE6392C13FCA200B5AC40 /* SettingsTabScreen.swift */ = {isa = PBXFileReference; lastKnownFileType = sourcecode.swift; path = SettingsTabScreen.swift; sourceTree = "<group>"; };
		E9BDE63B2C13FD3C00B5AC40 /* SettingsItemView.swift */ = {isa = PBXFileReference; lastKnownFileType = sourcecode.swift; path = SettingsItemView.swift; sourceTree = "<group>"; };
		E9BDE63E2C13FE4500B5AC40 /* SettingsItem.swift */ = {isa = PBXFileReference; lastKnownFileType = sourcecode.swift; path = SettingsItem.swift; sourceTree = "<group>"; };
		E9BDE6422C140E8900B5AC40 /* ChatRoomScreen.swift */ = {isa = PBXFileReference; lastKnownFileType = sourcecode.swift; path = ChatRoomScreen.swift; sourceTree = "<group>"; };
		E9BDE6442C14134500B5AC40 /* TextInputArea.swift */ = {isa = PBXFileReference; lastKnownFileType = sourcecode.swift; path = TextInputArea.swift; sourceTree = "<group>"; };
		E9BDE6462C141BB600B5AC40 /* MessageListController.swift */ = {isa = PBXFileReference; lastKnownFileType = sourcecode.swift; path = MessageListController.swift; sourceTree = "<group>"; };
		E9BDE6482C142A3400B5AC40 /* MessageListView.swift */ = {isa = PBXFileReference; lastKnownFileType = sourcecode.swift; path = MessageListView.swift; sourceTree = "<group>"; };
		E9BDE64B2C14498F00B5AC40 /* MessageItem.swift */ = {isa = PBXFileReference; lastKnownFileType = sourcecode.swift; path = MessageItem.swift; sourceTree = "<group>"; };
		E9BDE64D2C144AEA00B5AC40 /* BubbleTextView.swift */ = {isa = PBXFileReference; lastKnownFileType = sourcecode.swift; path = BubbleTextView.swift; sourceTree = "<group>"; };
		E9BDE64F2C144BF100B5AC40 /* BubbleTailView.swift */ = {isa = PBXFileReference; lastKnownFileType = sourcecode.swift; path = BubbleTailView.swift; sourceTree = "<group>"; };
		E9BDE6522C144E4900B5AC40 /* CustomModifers.swift */ = {isa = PBXFileReference; lastKnownFileType = sourcecode.swift; path = CustomModifers.swift; sourceTree = "<group>"; };
		E9BDE6542C154D9100B5AC40 /* BubbleImageView.swift */ = {isa = PBXFileReference; lastKnownFileType = sourcecode.swift; path = BubbleImageView.swift; sourceTree = "<group>"; };
		E9BDE6562C1557D800B5AC40 /* BubbleAudioView.swift */ = {isa = PBXFileReference; lastKnownFileType = sourcecode.swift; path = BubbleAudioView.swift; sourceTree = "<group>"; };
		E9BDE6672C15CD4800B5AC40 /* LoginScreen.swift */ = {isa = PBXFileReference; lastKnownFileType = sourcecode.swift; path = LoginScreen.swift; sourceTree = "<group>"; };
		E9BDE6692C15CEBC00B5AC40 /* AuthHeaderView.swift */ = {isa = PBXFileReference; lastKnownFileType = sourcecode.swift; path = AuthHeaderView.swift; sourceTree = "<group>"; };
		E9BDE66B2C15D03900B5AC40 /* AuthTextField.swift */ = {isa = PBXFileReference; lastKnownFileType = sourcecode.swift; path = AuthTextField.swift; sourceTree = "<group>"; };
		E9BDE66D2C15D6A800B5AC40 /* AuthButton.swift */ = {isa = PBXFileReference; lastKnownFileType = sourcecode.swift; path = AuthButton.swift; sourceTree = "<group>"; };
		E9BDE66F2C15DE3D00B5AC40 /* SignUpScreen.swift */ = {isa = PBXFileReference; lastKnownFileType = sourcecode.swift; path = SignUpScreen.swift; sourceTree = "<group>"; };
		E9BDE6722C15E28A00B5AC40 /* AuthScreenViewModel.swift */ = {isa = PBXFileReference; lastKnownFileType = sourcecode.swift; path = AuthScreenViewModel.swift; sourceTree = "<group>"; };
		E9BDE6752C1681F200B5AC40 /* AuthProvider.swift */ = {isa = PBXFileReference; lastKnownFileType = sourcecode.swift; path = AuthProvider.swift; sourceTree = "<group>"; };
		E9BDE6772C168AD800B5AC40 /* GoogleService-Info.plist */ = {isa = PBXFileReference; fileEncoding = 4; lastKnownFileType = text.plist.xml; path = "GoogleService-Info.plist"; sourceTree = "<group>"; };
		E9BDE67B2C16962200B5AC40 /* RootScreen.swift */ = {isa = PBXFileReference; lastKnownFileType = sourcecode.swift; path = RootScreen.swift; sourceTree = "<group>"; };
		E9BDE67E2C16964B00B5AC40 /* RootScreenViewModel.swift */ = {isa = PBXFileReference; lastKnownFileType = sourcecode.swift; path = RootScreenViewModel.swift; sourceTree = "<group>"; };
		E9BDE6812C16A25800B5AC40 /* UserItem.swift */ = {isa = PBXFileReference; lastKnownFileType = sourcecode.swift; path = UserItem.swift; sourceTree = "<group>"; };
		E9BDE6842C16A2C700B5AC40 /* FirebaseConstants.swift */ = {isa = PBXFileReference; lastKnownFileType = sourcecode.swift; path = FirebaseConstants.swift; sourceTree = "<group>"; };
		E9BDE6862C16E4F400B5AC40 /* ChatParticipantPickerScreen.swift */ = {isa = PBXFileReference; lastKnownFileType = sourcecode.swift; path = ChatParticipantPickerScreen.swift; sourceTree = "<group>"; };
		E9BDE6882C16E7BF00B5AC40 /* ChatParticipantRowView.swift */ = {isa = PBXFileReference; lastKnownFileType = sourcecode.swift; path = ChatParticipantRowView.swift; sourceTree = "<group>"; };
		E9BDE68B2C17097400B5AC40 /* ChatParticipantPickerViewModel.swift */ = {isa = PBXFileReference; lastKnownFileType = sourcecode.swift; path = ChatParticipantPickerViewModel.swift; sourceTree = "<group>"; };
		E9BDE68D2C170BDB00B5AC40 /* GroupParticipantPickerScreen.swift */ = {isa = PBXFileReference; lastKnownFileType = sourcecode.swift; path = GroupParticipantPickerScreen.swift; sourceTree = "<group>"; };
		E9BDE68F2C17237000B5AC40 /* SelectedChatParticipantView.swift */ = {isa = PBXFileReference; lastKnownFileType = sourcecode.swift; path = SelectedChatParticipantView.swift; sourceTree = "<group>"; };
		E9BDE6912C17363800B5AC40 /* NewGroupSetUpScreen.swift */ = {isa = PBXFileReference; lastKnownFileType = sourcecode.swift; path = NewGroupSetUpScreen.swift; sourceTree = "<group>"; };
		E9BDE6942C17EAB300B5AC40 /* UserService.swift */ = {isa = PBXFileReference; lastKnownFileType = sourcecode.swift; path = UserService.swift; sourceTree = "<group>"; };
		E9BDE6972C19529400B5AC40 /* ChannelItem.swift */ = {isa = PBXFileReference; lastKnownFileType = sourcecode.swift; path = ChannelItem.swift; sourceTree = "<group>"; };
		E9BDE6992C19559000B5AC40 /* ChannelTabViewModel.swift */ = {isa = PBXFileReference; lastKnownFileType = sourcecode.swift; path = ChannelTabViewModel.swift; sourceTree = "<group>"; };
		E9BDE69C2C1AA7D500B5AC40 /* String+Extensions.swift */ = {isa = PBXFileReference; lastKnownFileType = sourcecode.swift; path = "String+Extensions.swift"; sourceTree = "<group>"; };
		E9BDE69F2C1B1ED300B5AC40 /* MessageItem+Types.swift */ = {isa = PBXFileReference; lastKnownFileType = sourcecode.swift; path = "MessageItem+Types.swift"; sourceTree = "<group>"; };
		E9DB8E4E2C4FC26800157AEF /* SettingsTabViewModel.swift */ = {isa = PBXFileReference; lastKnownFileType = sourcecode.swift; path = SettingsTabViewModel.swift; sourceTree = "<group>"; };
		E9EEF1342C39564A0084304A /* BubbleView.swift */ = {isa = PBXFileReference; lastKnownFileType = sourcecode.swift; path = BubbleView.swift; sourceTree = "<group>"; };
/* End PBXFileReference section */

/* Begin PBXFrameworksBuildPhase section */
		E9BDE60B2C128CB200B5AC40 /* Frameworks */ = {
			isa = PBXFrameworksBuildPhase;
			buildActionMask = 2147483647;
			files = (
				E95206192C2061E7006B4F03 /* Kingfisher in Frameworks */,
				E9BDE6602C1570D800B5AC40 /* FirebaseMessaging in Frameworks */,
				E9DE56862C50AA140020D0AF /* AlertKit in Frameworks */,
				E9BDE65E2C1570D800B5AC40 /* FirebaseDatabaseSwift in Frameworks */,
				E9BDE65C2C1570D800B5AC40 /* FirebaseDatabase in Frameworks */,
				E9BDE6622C1570D800B5AC40 /* FirebaseStorage in Frameworks */,
				E9BDE65A2C1570D800B5AC40 /* FirebaseAuth in Frameworks */,
			);
			runOnlyForDeploymentPostprocessing = 0;
		};
/* End PBXFrameworksBuildPhase section */

/* Begin PBXGroup section */
		E952060C2C1ED82D006B4F03 /* ViewModels */ = {
			isa = PBXGroup;
			children = (
				E952060D2C1ED83B006B4F03 /* ChatRoomViewModel.swift */,
				E95206362C264FA3006B4F03 /* VoiceMessagePlayer.swift */,
			);
			path = ViewModels;
			sourceTree = "<group>";
		};
		E952061A2C20620D006B4F03 /* Components */ = {
			isa = PBXGroup;
			children = (
				E952061B2C206245006B4F03 /* CircularProfileImageView.swift */,
				E95206292C21994D006B4F03 /* MediaPlayerView.swift */,
			);
			path = Components;
			sourceTree = "<group>";
		};
		E9BDE6052C128CB200B5AC40 = {
			isa = PBXGroup;
			children = (
				E95206352C240754006B4F03 /* README.md */,
				E9BDE6102C128CB200B5AC40 /* WhatsAppClone */,
				E9BDE60F2C128CB200B5AC40 /* Products */,
			);
			sourceTree = "<group>";
		};
		E9BDE60F2C128CB200B5AC40 /* Products */ = {
			isa = PBXGroup;
			children = (
				E9BDE60E2C128CB200B5AC40 /* WhatsAppClone.app */,
			);
			name = Products;
			sourceTree = "<group>";
		};
		E9BDE6102C128CB200B5AC40 /* WhatsAppClone */ = {
			isa = PBXGroup;
			children = (
				E952061A2C20620D006B4F03 /* Components */,
				E9BDE69B2C1AA7C200B5AC40 /* Extensions */,
				E9BDE6932C17EAA300B5AC40 /* Services */,
				E9BDE6512C144E3700B5AC40 /* Helpers */,
				E9BDE6272C1300A800B5AC40 /* Screens */,
				E9BDE6112C128CB200B5AC40 /* WhatsAppCloneApp.swift */,
				E9BDE61F2C128DAE00B5AC40 /* MainTabView.swift */,
				E9BDE6772C168AD800B5AC40 /* GoogleService-Info.plist */,
				E9BDE6152C128CB300B5AC40 /* Assets.xcassets */,
				E9BDE6172C128CB300B5AC40 /* Preview Content */,
			);
			path = WhatsAppClone;
			sourceTree = "<group>";
		};
		E9BDE6172C128CB300B5AC40 /* Preview Content */ = {
			isa = PBXGroup;
			children = (
				E9BDE6182C128CB300B5AC40 /* Preview Assets.xcassets */,
			);
			path = "Preview Content";
			sourceTree = "<group>";
		};
		E9BDE6272C1300A800B5AC40 /* Screens */ = {
			isa = PBXGroup;
			children = (
				E9BDE6792C16961000B5AC40 /* Root */,
				E9BDE6652C15CD1E00B5AC40 /* Auth */,
				E9BDE6402C140E6600B5AC40 /* Chat */,
				E9BDE62D2C1300F100B5AC40 /* Updates */,
				E9BDE62C2C1300E100B5AC40 /* Community */,
				E9BDE62B2C1300D000B5AC40 /* Channel */,
				E9BDE62A2C1300CB00B5AC40 /* Calls */,
				E9BDE6282C1300BC00B5AC40 /* Settings */,
			);
			path = Screens;
			sourceTree = "<group>";
		};
		E9BDE6282C1300BC00B5AC40 /* Settings */ = {
			isa = PBXGroup;
			children = (
				E9DB8E4D2C4FC24800157AEF /* ViewModels */,
				E9BDE63D2C13FE2700B5AC40 /* Models */,
				E9BDE6382C13FC8E00B5AC40 /* Views */,
			);
			path = Settings;
			sourceTree = "<group>";
		};
		E9BDE62A2C1300CB00B5AC40 /* Calls */ = {
			isa = PBXGroup;
			children = (
				E9BDE62E2C13011600B5AC40 /* Views */,
			);
			path = Calls;
			sourceTree = "<group>";
		};
		E9BDE62B2C1300D000B5AC40 /* Channel */ = {
			isa = PBXGroup;
			children = (
				E9BDE6962C19528100B5AC40 /* Models */,
				E9BDE68A2C1708F600B5AC40 /* ViewModels */,
				E9BDE6332C13E96200B5AC40 /* Views */,
			);
			path = Channel;
			sourceTree = "<group>";
		};
		E9BDE62C2C1300E100B5AC40 /* Community */ = {
			isa = PBXGroup;
			children = (
				E9BDE6302C13016800B5AC40 /* Views */,
			);
			path = Community;
			sourceTree = "<group>";
		};
		E9BDE62D2C1300F100B5AC40 /* Updates */ = {
			isa = PBXGroup;
			children = (
				E9BDE62F2C13012800B5AC40 /* Views */,
			);
			path = Updates;
			sourceTree = "<group>";
		};
		E9BDE62E2C13011600B5AC40 /* Views */ = {
			isa = PBXGroup;
			children = (
				E9BDE6252C12BCF100B5AC40 /* CallsTabScreen.swift */,
			);
			path = Views;
			sourceTree = "<group>";
		};
		E9BDE62F2C13012800B5AC40 /* Views */ = {
			isa = PBXGroup;
			children = (
				E9BDE6212C12A4CF00B5AC40 /* UpdatesTabScreen.swift */,
			);
			path = Views;
			sourceTree = "<group>";
		};
		E9BDE6302C13016800B5AC40 /* Views */ = {
			isa = PBXGroup;
			children = (
				E9BDE6312C13018500B5AC40 /* CommunityTabScreen.swift */,
			);
			path = Views;
			sourceTree = "<group>";
		};
		E9BDE6332C13E96200B5AC40 /* Views */ = {
			isa = PBXGroup;
			children = (
				E9BDE6342C13E96E00B5AC40 /* ChannelTabScreen.swift */,
				E9BDE6362C13EF4100B5AC40 /* ChannelItemView.swift */,
				E9BDE6862C16E4F400B5AC40 /* ChatParticipantPickerScreen.swift */,
				E9BDE6882C16E7BF00B5AC40 /* ChatParticipantRowView.swift */,
				E9BDE68D2C170BDB00B5AC40 /* GroupParticipantPickerScreen.swift */,
				E9BDE6912C17363800B5AC40 /* NewGroupSetUpScreen.swift */,
				E9BDE68F2C17237000B5AC40 /* SelectedChatParticipantView.swift */,
			);
			path = Views;
			sourceTree = "<group>";
		};
		E9BDE6382C13FC8E00B5AC40 /* Views */ = {
			isa = PBXGroup;
			children = (
				E9BDE6392C13FCA200B5AC40 /* SettingsTabScreen.swift */,
				E9BDE63B2C13FD3C00B5AC40 /* SettingsItemView.swift */,
			);
			path = Views;
			sourceTree = "<group>";
		};
		E9BDE63D2C13FE2700B5AC40 /* Models */ = {
			isa = PBXGroup;
			children = (
				E9BDE63E2C13FE4500B5AC40 /* SettingsItem.swift */,
			);
			path = Models;
			sourceTree = "<group>";
		};
		E9BDE6402C140E6600B5AC40 /* Chat */ = {
			isa = PBXGroup;
			children = (
				E952060C2C1ED82D006B4F03 /* ViewModels */,
				E9BDE64A2C14496100B5AC40 /* Models */,
				E9BDE6412C140E6D00B5AC40 /* Views */,
			);
			path = Chat;
			sourceTree = "<group>";
		};
		E9BDE6412C140E6D00B5AC40 /* Views */ = {
			isa = PBXGroup;
			children = (
				E9BDE6422C140E8900B5AC40 /* ChatRoomScreen.swift */,
				E9BDE6442C14134500B5AC40 /* TextInputArea.swift */,
				E9BDE6462C141BB600B5AC40 /* MessageListController.swift */,
				E9BDE6482C142A3400B5AC40 /* MessageListView.swift */,
				E9BDE64D2C144AEA00B5AC40 /* BubbleTextView.swift */,
				E9BDE64F2C144BF100B5AC40 /* BubbleTailView.swift */,
				E9BDE6542C154D9100B5AC40 /* BubbleImageView.swift */,
				E9BDE6562C1557D800B5AC40 /* BubbleAudioView.swift */,
				E95206132C203D28006B4F03 /* ChannelCreationTextView.swift */,
				E95206152C203FD8006B4F03 /* AdminMessageTextView.swift */,
				E952061F2C213611006B4F03 /* MediaAttachmentPreview.swift */,
				E9EEF1342C39564A0084304A /* BubbleView.swift */,
				E93498422C55D05D0034B0DF /* ReactionPickerView.swift */,
				E93498442C56664A0034B0DF /* MessageMenuView.swift */,
				E95F273A2C7A071D00ACE42E /* MessageReactionView.swift */,
			);
			path = Views;
			sourceTree = "<group>";
		};
		E9BDE64A2C14496100B5AC40 /* Models */ = {
			isa = PBXGroup;
			children = (
				E9BDE64B2C14498F00B5AC40 /* MessageItem.swift */,
				E9BDE69F2C1B1ED300B5AC40 /* MessageItem+Types.swift */,
				E95206252C214D16006B4F03 /* MediaPickerItem+Types.swift */,
			);
			path = Models;
			sourceTree = "<group>";
		};
		E9BDE6512C144E3700B5AC40 /* Helpers */ = {
			isa = PBXGroup;
			children = (
				E9BDE6522C144E4900B5AC40 /* CustomModifers.swift */,
				E9BDE6842C16A2C700B5AC40 /* FirebaseConstants.swift */,
				E952062F2C229525006B4F03 /* FirebaseHelper.swift */,
				E97C8C7C2C311B0200B5C052 /* Haptic.swift */,
			);
			path = Helpers;
			sourceTree = "<group>";
		};
		E9BDE6652C15CD1E00B5AC40 /* Auth */ = {
			isa = PBXGroup;
			children = (
				E9BDE6802C16A24400B5AC40 /* Models */,
				E9BDE6742C1681DE00B5AC40 /* Services */,
				E9BDE6712C15E26400B5AC40 /* ViewModels */,
				E9BDE6662C15CD2900B5AC40 /* Views */,
			);
			path = Auth;
			sourceTree = "<group>";
		};
		E9BDE6662C15CD2900B5AC40 /* Views */ = {
			isa = PBXGroup;
			children = (
				E9BDE6672C15CD4800B5AC40 /* LoginScreen.swift */,
				E9BDE66B2C15D03900B5AC40 /* AuthTextField.swift */,
				E9BDE6692C15CEBC00B5AC40 /* AuthHeaderView.swift */,
				E9BDE66D2C15D6A800B5AC40 /* AuthButton.swift */,
				E9BDE66F2C15DE3D00B5AC40 /* SignUpScreen.swift */,
			);
			path = Views;
			sourceTree = "<group>";
		};
		E9BDE6712C15E26400B5AC40 /* ViewModels */ = {
			isa = PBXGroup;
			children = (
				E9BDE6722C15E28A00B5AC40 /* AuthScreenViewModel.swift */,
			);
			path = ViewModels;
			sourceTree = "<group>";
		};
		E9BDE6742C1681DE00B5AC40 /* Services */ = {
			isa = PBXGroup;
			children = (
				E9BDE6752C1681F200B5AC40 /* AuthProvider.swift */,
			);
			path = Services;
			sourceTree = "<group>";
		};
		E9BDE6792C16961000B5AC40 /* Root */ = {
			isa = PBXGroup;
			children = (
				E9BDE67D2C16962900B5AC40 /* ViewModels */,
				E9BDE67A2C16961700B5AC40 /* Views */,
			);
			path = Root;
			sourceTree = "<group>";
		};
		E9BDE67A2C16961700B5AC40 /* Views */ = {
			isa = PBXGroup;
			children = (
				E9BDE67B2C16962200B5AC40 /* RootScreen.swift */,
			);
			path = Views;
			sourceTree = "<group>";
		};
		E9BDE67D2C16962900B5AC40 /* ViewModels */ = {
			isa = PBXGroup;
			children = (
				E9BDE67E2C16964B00B5AC40 /* RootScreenViewModel.swift */,
			);
			path = ViewModels;
			sourceTree = "<group>";
		};
		E9BDE6802C16A24400B5AC40 /* Models */ = {
			isa = PBXGroup;
			children = (
				E9BDE6812C16A25800B5AC40 /* UserItem.swift */,
			);
			path = Models;
			sourceTree = "<group>";
		};
		E9BDE68A2C1708F600B5AC40 /* ViewModels */ = {
			isa = PBXGroup;
			children = (
				E9BDE68B2C17097400B5AC40 /* ChatParticipantPickerViewModel.swift */,
				E9BDE6992C19559000B5AC40 /* ChannelTabViewModel.swift */,
			);
			path = ViewModels;
			sourceTree = "<group>";
		};
		E9BDE6932C17EAA300B5AC40 /* Services */ = {
			isa = PBXGroup;
			children = (
				E9BDE6942C17EAB300B5AC40 /* UserService.swift */,
				E952060F2C1EDA04006B4F03 /* MessageService.swift */,
				E952062B2C227A15006B4F03 /* VoiceRecorderService.swift */,
			);
			path = Services;
			sourceTree = "<group>";
		};
		E9BDE6962C19528100B5AC40 /* Models */ = {
			isa = PBXGroup;
			children = (
				E9BDE6972C19529400B5AC40 /* ChannelItem.swift */,
			);
			path = Models;
			sourceTree = "<group>";
		};
		E9BDE69B2C1AA7C200B5AC40 /* Extensions */ = {
			isa = PBXGroup;
			children = (
				E9BDE69C2C1AA7D500B5AC40 /* String+Extensions.swift */,
				E952061D2C206B96006B4F03 /* Date+Extensions.swift */,
				E95206232C214B88006B4F03 /* PhotosPickerItem+Extensions.swift */,
				E95206272C21508A006B4F03 /* URL+Extensions.swift */,
				E952062D2C228DFE006B4F03 /* TimeInterval+Extensions.swift */,
				E95206312C23D6A9006B4F03 /* UIApplication+Extensions.swift */,
				E95206332C23D892006B4F03 /* UIWindowScene+Extensions.swift */,
			);
			path = Extensions;
			sourceTree = "<group>";
		};
		E9DB8E4D2C4FC24800157AEF /* ViewModels */ = {
			isa = PBXGroup;
			children = (
				E9DB8E4E2C4FC26800157AEF /* SettingsTabViewModel.swift */,
			);
			path = ViewModels;
			sourceTree = "<group>";
		};
/* End PBXGroup section */

/* Begin PBXNativeTarget section */
		E9BDE60D2C128CB200B5AC40 /* WhatsAppClone */ = {
			isa = PBXNativeTarget;
			buildConfigurationList = E9BDE61C2C128CB300B5AC40 /* Build configuration list for PBXNativeTarget "WhatsAppClone" */;
			buildPhases = (
				E9BDE60A2C128CB200B5AC40 /* Sources */,
				E9BDE60B2C128CB200B5AC40 /* Frameworks */,
				E9BDE60C2C128CB200B5AC40 /* Resources */,
			);
			buildRules = (
			);
			dependencies = (
			);
			name = WhatsAppClone;
			packageProductDependencies = (
				E9BDE6592C1570D800B5AC40 /* FirebaseAuth */,
				E9BDE65B2C1570D800B5AC40 /* FirebaseDatabase */,
				E9BDE65D2C1570D800B5AC40 /* FirebaseDatabaseSwift */,
				E9BDE65F2C1570D800B5AC40 /* FirebaseMessaging */,
				E9BDE6612C1570D800B5AC40 /* FirebaseStorage */,
				E95206182C2061E7006B4F03 /* Kingfisher */,
				E9DE56852C50AA140020D0AF /* AlertKit */,
			);
			productName = WhatsAppClone;
			productReference = E9BDE60E2C128CB200B5AC40 /* WhatsAppClone.app */;
			productType = "com.apple.product-type.application";
		};
/* End PBXNativeTarget section */

/* Begin PBXProject section */
		E9BDE6062C128CB200B5AC40 /* Project object */ = {
			isa = PBXProject;
			attributes = {
				BuildIndependentTargetsInParallel = 1;
				LastSwiftUpdateCheck = 1520;
				LastUpgradeCheck = 1520;
				TargetAttributes = {
					E9BDE60D2C128CB200B5AC40 = {
						CreatedOnToolsVersion = 15.2;
					};
				};
			};
			buildConfigurationList = E9BDE6092C128CB200B5AC40 /* Build configuration list for PBXProject "WhatsAppClone" */;
			compatibilityVersion = "Xcode 14.0";
			developmentRegion = en;
			hasScannedForEncodings = 0;
			knownRegions = (
				en,
				Base,
			);
			mainGroup = E9BDE6052C128CB200B5AC40;
			packageReferences = (
				E9BDE6582C1570D800B5AC40 /* XCRemoteSwiftPackageReference "firebase-ios-sdk" */,
				E95206172C2061E7006B4F03 /* XCRemoteSwiftPackageReference "Kingfisher" */,
				E9DE56842C50AA130020D0AF /* XCRemoteSwiftPackageReference "AlertKit" */,
			);
			productRefGroup = E9BDE60F2C128CB200B5AC40 /* Products */;
			projectDirPath = "";
			projectRoot = "";
			targets = (
				E9BDE60D2C128CB200B5AC40 /* WhatsAppClone */,
			);
		};
/* End PBXProject section */

/* Begin PBXResourcesBuildPhase section */
		E9BDE60C2C128CB200B5AC40 /* Resources */ = {
			isa = PBXResourcesBuildPhase;
			buildActionMask = 2147483647;
			files = (
				E9BDE6192C128CB300B5AC40 /* Preview Assets.xcassets in Resources */,
				E9BDE6162C128CB300B5AC40 /* Assets.xcassets in Resources */,
				E9BDE6782C168AD800B5AC40 /* GoogleService-Info.plist in Resources */,
			);
			runOnlyForDeploymentPostprocessing = 0;
		};
/* End PBXResourcesBuildPhase section */

/* Begin PBXSourcesBuildPhase section */
		E9BDE60A2C128CB200B5AC40 /* Sources */ = {
			isa = PBXSourcesBuildPhase;
			buildActionMask = 2147483647;
			files = (
				E95206302C229525006B4F03 /* FirebaseHelper.swift in Sources */,
				E9BDE6222C12A4CF00B5AC40 /* UpdatesTabScreen.swift in Sources */,
				E95206322C23D6A9006B4F03 /* UIApplication+Extensions.swift in Sources */,
				E9BDE6922C17363800B5AC40 /* NewGroupSetUpScreen.swift in Sources */,
				E9BDE66E2C15D6A800B5AC40 /* AuthButton.swift in Sources */,
				E952061C2C206245006B4F03 /* CircularProfileImageView.swift in Sources */,
				E9BDE6262C12BCF100B5AC40 /* CallsTabScreen.swift in Sources */,
				E9BDE63A2C13FCA200B5AC40 /* SettingsTabScreen.swift in Sources */,
				E952062C2C227A15006B4F03 /* VoiceRecorderService.swift in Sources */,
				E952062E2C228DFE006B4F03 /* TimeInterval+Extensions.swift in Sources */,
				E9BDE66A2C15CEBC00B5AC40 /* AuthHeaderView.swift in Sources */,
				E9BDE6822C16A25800B5AC40 /* UserItem.swift in Sources */,
				E9BDE6322C13018500B5AC40 /* CommunityTabScreen.swift in Sources */,
				E9BDE6A02C1B1ED300B5AC40 /* MessageItem+Types.swift in Sources */,
				E9BDE69A2C19559000B5AC40 /* ChannelTabViewModel.swift in Sources */,
				E9BDE6762C1681F200B5AC40 /* AuthProvider.swift in Sources */,
				E9BDE6902C17237000B5AC40 /* SelectedChatParticipantView.swift in Sources */,
				E9BDE6852C16A2C700B5AC40 /* FirebaseConstants.swift in Sources */,
				E95206162C203FD8006B4F03 /* AdminMessageTextView.swift in Sources */,
				E9BDE6472C141BB600B5AC40 /* MessageListController.swift in Sources */,
				E9BDE6452C14134500B5AC40 /* TextInputArea.swift in Sources */,
				E95206282C21508A006B4F03 /* URL+Extensions.swift in Sources */,
				E95F273B2C7A071D00ACE42E /* MessageReactionView.swift in Sources */,
				E9BDE69D2C1AA7D500B5AC40 /* String+Extensions.swift in Sources */,
				E9BDE6502C144BF100B5AC40 /* BubbleTailView.swift in Sources */,
				E95206342C23D892006B4F03 /* UIWindowScene+Extensions.swift in Sources */,
				E9EEF1352C39564A0084304A /* BubbleView.swift in Sources */,
				E95206102C1EDA04006B4F03 /* MessageService.swift in Sources */,
				E9BDE6352C13E96E00B5AC40 /* ChannelTabScreen.swift in Sources */,
				E952060E2C1ED83B006B4F03 /* ChatRoomViewModel.swift in Sources */,
				E95206202C213611006B4F03 /* MediaAttachmentPreview.swift in Sources */,
				E9BDE67C2C16962200B5AC40 /* RootScreen.swift in Sources */,
				E9BDE6982C19529400B5AC40 /* ChannelItem.swift in Sources */,
				E9BDE6702C15DE3D00B5AC40 /* SignUpScreen.swift in Sources */,
				E9BDE6122C128CB200B5AC40 /* WhatsAppCloneApp.swift in Sources */,
				E95206262C214D16006B4F03 /* MediaPickerItem+Types.swift in Sources */,
				E9BDE67F2C16964B00B5AC40 /* RootScreenViewModel.swift in Sources */,
				E9BDE68E2C170BDB00B5AC40 /* GroupParticipantPickerScreen.swift in Sources */,
				E93498452C56664A0034B0DF /* MessageMenuView.swift in Sources */,
				E9DB8E4F2C4FC26800157AEF /* SettingsTabViewModel.swift in Sources */,
				E97C8C7D2C311B0200B5C052 /* Haptic.swift in Sources */,
				E95206372C264FA3006B4F03 /* VoiceMessagePlayer.swift in Sources */,
				E95206142C203D28006B4F03 /* ChannelCreationTextView.swift in Sources */,
				E9BDE6552C154D9100B5AC40 /* BubbleImageView.swift in Sources */,
				E9BDE6872C16E4F400B5AC40 /* ChatParticipantPickerScreen.swift in Sources */,
				E9BDE6492C142A3400B5AC40 /* MessageListView.swift in Sources */,
				E9BDE6682C15CD4800B5AC40 /* LoginScreen.swift in Sources */,
				E9BDE6432C140E8900B5AC40 /* ChatRoomScreen.swift in Sources */,
				E9BDE63C2C13FD3C00B5AC40 /* SettingsItemView.swift in Sources */,
				E9BDE6892C16E7BF00B5AC40 /* ChatParticipantRowView.swift in Sources */,
				E9BDE66C2C15D03900B5AC40 /* AuthTextField.swift in Sources */,
				E9BDE64E2C144AEA00B5AC40 /* BubbleTextView.swift in Sources */,
				E93498432C55D05D0034B0DF /* ReactionPickerView.swift in Sources */,
				E9BDE64C2C14498F00B5AC40 /* MessageItem.swift in Sources */,
				E9BDE6372C13EF4100B5AC40 /* ChannelItemView.swift in Sources */,
				E9BDE6202C128DAE00B5AC40 /* MainTabView.swift in Sources */,
				E952061E2C206B96006B4F03 /* Date+Extensions.swift in Sources */,
				E9BDE6952C17EAB300B5AC40 /* UserService.swift in Sources */,
				E9BDE6572C1557D800B5AC40 /* BubbleAudioView.swift in Sources */,
				E9BDE63F2C13FE4500B5AC40 /* SettingsItem.swift in Sources */,
				E9BDE6732C15E28A00B5AC40 /* AuthScreenViewModel.swift in Sources */,
				E9BDE68C2C17097400B5AC40 /* ChatParticipantPickerViewModel.swift in Sources */,
				E9BDE6532C144E4900B5AC40 /* CustomModifers.swift in Sources */,
				E952062A2C21994D006B4F03 /* MediaPlayerView.swift in Sources */,
				E95206242C214B88006B4F03 /* PhotosPickerItem+Extensions.swift in Sources */,
			);
			runOnlyForDeploymentPostprocessing = 0;
		};
/* End PBXSourcesBuildPhase section */

/* Begin XCBuildConfiguration section */
		E9BDE61A2C128CB300B5AC40 /* Debug */ = {
			isa = XCBuildConfiguration;
			buildSettings = {
				ALWAYS_SEARCH_USER_PATHS = NO;
				ASSETCATALOG_COMPILER_GENERATE_SWIFT_ASSET_SYMBOL_EXTENSIONS = YES;
				CLANG_ANALYZER_NONNULL = YES;
				CLANG_ANALYZER_NUMBER_OBJECT_CONVERSION = YES_AGGRESSIVE;
				CLANG_CXX_LANGUAGE_STANDARD = "gnu++20";
				CLANG_ENABLE_MODULES = YES;
				CLANG_ENABLE_OBJC_ARC = YES;
				CLANG_ENABLE_OBJC_WEAK = YES;
				CLANG_WARN_BLOCK_CAPTURE_AUTORELEASING = YES;
				CLANG_WARN_BOOL_CONVERSION = YES;
				CLANG_WARN_COMMA = YES;
				CLANG_WARN_CONSTANT_CONVERSION = YES;
				CLANG_WARN_DEPRECATED_OBJC_IMPLEMENTATIONS = YES;
				CLANG_WARN_DIRECT_OBJC_ISA_USAGE = YES_ERROR;
				CLANG_WARN_DOCUMENTATION_COMMENTS = YES;
				CLANG_WARN_EMPTY_BODY = YES;
				CLANG_WARN_ENUM_CONVERSION = YES;
				CLANG_WARN_INFINITE_RECURSION = YES;
				CLANG_WARN_INT_CONVERSION = YES;
				CLANG_WARN_NON_LITERAL_NULL_CONVERSION = YES;
				CLANG_WARN_OBJC_IMPLICIT_RETAIN_SELF = YES;
				CLANG_WARN_OBJC_LITERAL_CONVERSION = YES;
				CLANG_WARN_OBJC_ROOT_CLASS = YES_ERROR;
				CLANG_WARN_QUOTED_INCLUDE_IN_FRAMEWORK_HEADER = YES;
				CLANG_WARN_RANGE_LOOP_ANALYSIS = YES;
				CLANG_WARN_STRICT_PROTOTYPES = YES;
				CLANG_WARN_SUSPICIOUS_MOVE = YES;
				CLANG_WARN_UNGUARDED_AVAILABILITY = YES_AGGRESSIVE;
				CLANG_WARN_UNREACHABLE_CODE = YES;
				CLANG_WARN__DUPLICATE_METHOD_MATCH = YES;
				COPY_PHASE_STRIP = NO;
				DEBUG_INFORMATION_FORMAT = dwarf;
				ENABLE_STRICT_OBJC_MSGSEND = YES;
				ENABLE_TESTABILITY = YES;
				ENABLE_USER_SCRIPT_SANDBOXING = YES;
				GCC_C_LANGUAGE_STANDARD = gnu17;
				GCC_DYNAMIC_NO_PIC = NO;
				GCC_NO_COMMON_BLOCKS = YES;
				GCC_OPTIMIZATION_LEVEL = 0;
				GCC_PREPROCESSOR_DEFINITIONS = (
					"DEBUG=1",
					"$(inherited)",
				);
				GCC_WARN_64_TO_32_BIT_CONVERSION = YES;
				GCC_WARN_ABOUT_RETURN_TYPE = YES_ERROR;
				GCC_WARN_UNDECLARED_SELECTOR = YES;
				GCC_WARN_UNINITIALIZED_AUTOS = YES_AGGRESSIVE;
				GCC_WARN_UNUSED_FUNCTION = YES;
				GCC_WARN_UNUSED_VARIABLE = YES;
				IPHONEOS_DEPLOYMENT_TARGET = 17.2;
				LOCALIZATION_PREFERS_STRING_CATALOGS = YES;
				MTL_ENABLE_DEBUG_INFO = INCLUDE_SOURCE;
				MTL_FAST_MATH = YES;
				ONLY_ACTIVE_ARCH = YES;
				SDKROOT = iphoneos;
				SWIFT_ACTIVE_COMPILATION_CONDITIONS = "DEBUG $(inherited)";
				SWIFT_OPTIMIZATION_LEVEL = "-Onone";
			};
			name = Debug;
		};
		E9BDE61B2C128CB300B5AC40 /* Release */ = {
			isa = XCBuildConfiguration;
			buildSettings = {
				ALWAYS_SEARCH_USER_PATHS = NO;
				ASSETCATALOG_COMPILER_GENERATE_SWIFT_ASSET_SYMBOL_EXTENSIONS = YES;
				CLANG_ANALYZER_NONNULL = YES;
				CLANG_ANALYZER_NUMBER_OBJECT_CONVERSION = YES_AGGRESSIVE;
				CLANG_CXX_LANGUAGE_STANDARD = "gnu++20";
				CLANG_ENABLE_MODULES = YES;
				CLANG_ENABLE_OBJC_ARC = YES;
				CLANG_ENABLE_OBJC_WEAK = YES;
				CLANG_WARN_BLOCK_CAPTURE_AUTORELEASING = YES;
				CLANG_WARN_BOOL_CONVERSION = YES;
				CLANG_WARN_COMMA = YES;
				CLANG_WARN_CONSTANT_CONVERSION = YES;
				CLANG_WARN_DEPRECATED_OBJC_IMPLEMENTATIONS = YES;
				CLANG_WARN_DIRECT_OBJC_ISA_USAGE = YES_ERROR;
				CLANG_WARN_DOCUMENTATION_COMMENTS = YES;
				CLANG_WARN_EMPTY_BODY = YES;
				CLANG_WARN_ENUM_CONVERSION = YES;
				CLANG_WARN_INFINITE_RECURSION = YES;
				CLANG_WARN_INT_CONVERSION = YES;
				CLANG_WARN_NON_LITERAL_NULL_CONVERSION = YES;
				CLANG_WARN_OBJC_IMPLICIT_RETAIN_SELF = YES;
				CLANG_WARN_OBJC_LITERAL_CONVERSION = YES;
				CLANG_WARN_OBJC_ROOT_CLASS = YES_ERROR;
				CLANG_WARN_QUOTED_INCLUDE_IN_FRAMEWORK_HEADER = YES;
				CLANG_WARN_RANGE_LOOP_ANALYSIS = YES;
				CLANG_WARN_STRICT_PROTOTYPES = YES;
				CLANG_WARN_SUSPICIOUS_MOVE = YES;
				CLANG_WARN_UNGUARDED_AVAILABILITY = YES_AGGRESSIVE;
				CLANG_WARN_UNREACHABLE_CODE = YES;
				CLANG_WARN__DUPLICATE_METHOD_MATCH = YES;
				COPY_PHASE_STRIP = NO;
				DEBUG_INFORMATION_FORMAT = "dwarf-with-dsym";
				ENABLE_NS_ASSERTIONS = NO;
				ENABLE_STRICT_OBJC_MSGSEND = YES;
				ENABLE_USER_SCRIPT_SANDBOXING = YES;
				GCC_C_LANGUAGE_STANDARD = gnu17;
				GCC_NO_COMMON_BLOCKS = YES;
				GCC_WARN_64_TO_32_BIT_CONVERSION = YES;
				GCC_WARN_ABOUT_RETURN_TYPE = YES_ERROR;
				GCC_WARN_UNDECLARED_SELECTOR = YES;
				GCC_WARN_UNINITIALIZED_AUTOS = YES_AGGRESSIVE;
				GCC_WARN_UNUSED_FUNCTION = YES;
				GCC_WARN_UNUSED_VARIABLE = YES;
				IPHONEOS_DEPLOYMENT_TARGET = 17.2;
				LOCALIZATION_PREFERS_STRING_CATALOGS = YES;
				MTL_ENABLE_DEBUG_INFO = NO;
				MTL_FAST_MATH = YES;
				SDKROOT = iphoneos;
				SWIFT_COMPILATION_MODE = wholemodule;
				VALIDATE_PRODUCT = YES;
			};
			name = Release;
		};
		E9BDE61D2C128CB300B5AC40 /* Debug */ = {
			isa = XCBuildConfiguration;
			buildSettings = {
				ASSETCATALOG_COMPILER_APPICON_NAME = AppIcon;
				ASSETCATALOG_COMPILER_GLOBAL_ACCENT_COLOR_NAME = AccentColor;
				CODE_SIGN_STYLE = Automatic;
				CURRENT_PROJECT_VERSION = 1;
				DEVELOPMENT_ASSET_PATHS = "\"WhatsAppClone/Preview Content\"";
				DEVELOPMENT_TEAM = 56D2N2QM88;
				ENABLE_PREVIEWS = YES;
				GENERATE_INFOPLIST_FILE = YES;
				INFOPLIST_KEY_NSMicrophoneUsageDescription = "Record voice messages";
				INFOPLIST_KEY_UIApplicationSceneManifest_Generation = YES;
				INFOPLIST_KEY_UIApplicationSupportsIndirectInputEvents = YES;
				INFOPLIST_KEY_UILaunchScreen_Generation = YES;
				INFOPLIST_KEY_UISupportedInterfaceOrientations_iPad = "UIInterfaceOrientationPortrait UIInterfaceOrientationPortraitUpsideDown UIInterfaceOrientationLandscapeLeft UIInterfaceOrientationLandscapeRight";
				INFOPLIST_KEY_UISupportedInterfaceOrientations_iPhone = "UIInterfaceOrientationPortrait UIInterfaceOrientationLandscapeLeft UIInterfaceOrientationLandscapeRight";
				LD_RUNPATH_SEARCH_PATHS = (
					"$(inherited)",
					"@executable_path/Frameworks",
				);
				MARKETING_VERSION = 1.0;
				PRODUCT_BUNDLE_IDENTIFIER = tmrff.WhatsAppClone;
				PRODUCT_NAME = "$(TARGET_NAME)";
				SWIFT_EMIT_LOC_STRINGS = YES;
				SWIFT_VERSION = 5.0;
				TARGETED_DEVICE_FAMILY = "1,2";
			};
			name = Debug;
		};
		E9BDE61E2C128CB300B5AC40 /* Release */ = {
			isa = XCBuildConfiguration;
			buildSettings = {
				ASSETCATALOG_COMPILER_APPICON_NAME = AppIcon;
				ASSETCATALOG_COMPILER_GLOBAL_ACCENT_COLOR_NAME = AccentColor;
				CODE_SIGN_STYLE = Automatic;
				CURRENT_PROJECT_VERSION = 1;
				DEVELOPMENT_ASSET_PATHS = "\"WhatsAppClone/Preview Content\"";
				DEVELOPMENT_TEAM = 56D2N2QM88;
				ENABLE_PREVIEWS = YES;
				GENERATE_INFOPLIST_FILE = YES;
				INFOPLIST_KEY_NSMicrophoneUsageDescription = "Record voice messages";
				INFOPLIST_KEY_UIApplicationSceneManifest_Generation = YES;
				INFOPLIST_KEY_UIApplicationSupportsIndirectInputEvents = YES;
				INFOPLIST_KEY_UILaunchScreen_Generation = YES;
				INFOPLIST_KEY_UISupportedInterfaceOrientations_iPad = "UIInterfaceOrientationPortrait UIInterfaceOrientationPortraitUpsideDown UIInterfaceOrientationLandscapeLeft UIInterfaceOrientationLandscapeRight";
				INFOPLIST_KEY_UISupportedInterfaceOrientations_iPhone = "UIInterfaceOrientationPortrait UIInterfaceOrientationLandscapeLeft UIInterfaceOrientationLandscapeRight";
				LD_RUNPATH_SEARCH_PATHS = (
					"$(inherited)",
					"@executable_path/Frameworks",
				);
				MARKETING_VERSION = 1.0;
				PRODUCT_BUNDLE_IDENTIFIER = tmrff.WhatsAppClone;
				PRODUCT_NAME = "$(TARGET_NAME)";
				SWIFT_EMIT_LOC_STRINGS = YES;
				SWIFT_VERSION = 5.0;
				TARGETED_DEVICE_FAMILY = "1,2";
			};
			name = Release;
		};
/* End XCBuildConfiguration section */

/* Begin XCConfigurationList section */
		E9BDE6092C128CB200B5AC40 /* Build configuration list for PBXProject "WhatsAppClone" */ = {
			isa = XCConfigurationList;
			buildConfigurations = (
				E9BDE61A2C128CB300B5AC40 /* Debug */,
				E9BDE61B2C128CB300B5AC40 /* Release */,
			);
			defaultConfigurationIsVisible = 0;
			defaultConfigurationName = Release;
		};
		E9BDE61C2C128CB300B5AC40 /* Build configuration list for PBXNativeTarget "WhatsAppClone" */ = {
			isa = XCConfigurationList;
			buildConfigurations = (
				E9BDE61D2C128CB300B5AC40 /* Debug */,
				E9BDE61E2C128CB300B5AC40 /* Release */,
			);
			defaultConfigurationIsVisible = 0;
			defaultConfigurationName = Release;
		};
/* End XCConfigurationList section */

/* Begin XCRemoteSwiftPackageReference section */
		E95206172C2061E7006B4F03 /* XCRemoteSwiftPackageReference "Kingfisher" */ = {
			isa = XCRemoteSwiftPackageReference;
			repositoryURL = "git@github.com:onevcat/Kingfisher.git";
			requirement = {
				kind = upToNextMajorVersion;
				minimumVersion = 7.12.0;
			};
		};
		E9BDE6582C1570D800B5AC40 /* XCRemoteSwiftPackageReference "firebase-ios-sdk" */ = {
			isa = XCRemoteSwiftPackageReference;
			repositoryURL = "https://github.com/firebase/firebase-ios-sdk";
			requirement = {
				kind = upToNextMajorVersion;
				minimumVersion = 10.27.0;
			};
		};
		E9DE56842C50AA130020D0AF /* XCRemoteSwiftPackageReference "AlertKit" */ = {
			isa = XCRemoteSwiftPackageReference;
			repositoryURL = "https://github.com/sparrowcode/AlertKit";
			requirement = {
				kind = upToNextMajorVersion;
				minimumVersion = 5.1.9;
			};
		};
/* End XCRemoteSwiftPackageReference section */

/* Begin XCSwiftPackageProductDependency section */
		E95206182C2061E7006B4F03 /* Kingfisher */ = {
			isa = XCSwiftPackageProductDependency;
			package = E95206172C2061E7006B4F03 /* XCRemoteSwiftPackageReference "Kingfisher" */;
			productName = Kingfisher;
		};
		E9BDE6592C1570D800B5AC40 /* FirebaseAuth */ = {
			isa = XCSwiftPackageProductDependency;
			package = E9BDE6582C1570D800B5AC40 /* XCRemoteSwiftPackageReference "firebase-ios-sdk" */;
			productName = FirebaseAuth;
		};
		E9BDE65B2C1570D800B5AC40 /* FirebaseDatabase */ = {
			isa = XCSwiftPackageProductDependency;
			package = E9BDE6582C1570D800B5AC40 /* XCRemoteSwiftPackageReference "firebase-ios-sdk" */;
			productName = FirebaseDatabase;
		};
		E9BDE65D2C1570D800B5AC40 /* FirebaseDatabaseSwift */ = {
			isa = XCSwiftPackageProductDependency;
			package = E9BDE6582C1570D800B5AC40 /* XCRemoteSwiftPackageReference "firebase-ios-sdk" */;
			productName = FirebaseDatabaseSwift;
		};
		E9BDE65F2C1570D800B5AC40 /* FirebaseMessaging */ = {
			isa = XCSwiftPackageProductDependency;
			package = E9BDE6582C1570D800B5AC40 /* XCRemoteSwiftPackageReference "firebase-ios-sdk" */;
			productName = FirebaseMessaging;
		};
		E9BDE6612C1570D800B5AC40 /* FirebaseStorage */ = {
			isa = XCSwiftPackageProductDependency;
			package = E9BDE6582C1570D800B5AC40 /* XCRemoteSwiftPackageReference "firebase-ios-sdk" */;
			productName = FirebaseStorage;
		};
		E9DE56852C50AA140020D0AF /* AlertKit */ = {
			isa = XCSwiftPackageProductDependency;
			package = E9DE56842C50AA130020D0AF /* XCRemoteSwiftPackageReference "AlertKit" */;
			productName = AlertKit;
		};
/* End XCSwiftPackageProductDependency section */
	};
	rootObject = E9BDE6062C128CB200B5AC40 /* Project object */;
}
